
Microsoft Visual Studio Solution File, Format Version 12.00
# Visual Studio 15
VisualStudioVersion = 15.0.28307.705
MinimumVisualStudioVersion = 10.0.40219.1
Project("{FAE04EC0-301F-11D3-BF4B-00C04F79EFBC}") = "Exemplo2", "Exemplo2\Exemplo2.csproj", "{06609ABA-658E-498B-B179-E77137A3EF0C}"
EndProject
Project("{FAE04EC0-301F-11D3-BF4B-00C04F79EFBC}") = "Exemplo2.Tests", "Exemplo2.Tests\Exemplo2.Tests.csproj", "{0B379E30-43E5-4416-A526-C3DBBC86933F}"
EndProject
Global
	GlobalSection(SolutionConfigurationPlatforms) = preSolution
		Debug|Any CPU = Debug|Any CPU
		Release|Any CPU = Release|Any CPU
	EndGlobalSection
	GlobalSection(ProjectConfigurationPlatforms) = postSolution
		{06609ABA-658E-498B-B179-E77137A3EF0C}.Debug|Any CPU.ActiveCfg = Debug|Any CPU
		{06609ABA-658E-498B-B179-E77137A3EF0C}.Debug|Any CPU.Build.0 = Debug|Any CPU
		{06609ABA-658E-498B-B179-E77137A3EF0C}.Release|Any CPU.ActiveCfg = Release|Any CPU
		{06609ABA-658E-498B-B179-E77137A3EF0C}.Release|Any CPU.Build.0 = Release|Any CPU
		{0B379E30-43E5-4416-A526-C3DBBC86933F}.Debug|Any CPU.ActiveCfg = Debug|Any CPU
		{0B379E30-43E5-4416-A526-C3DBBC86933F}.Debug|Any CPU.Build.0 = Debug|Any CPU
		{0B379E30-43E5-4416-A526-C3DBBC86933F}.Release|Any CPU.ActiveCfg = Release|Any CPU
		{0B379E30-43E5-4416-A526-C3DBBC86933F}.Release|Any CPU.Build.0 = Release|Any CPU
	EndGlobalSection
	GlobalSection(SolutionProperties) = preSolution
		HideSolutionNode = FALSE
	EndGlobalSection
	GlobalSection(ExtensibilityGlobals) = postSolution
		SolutionGuid = {047D7DDA-5CDD-4330-9F03-46FDE2F6D384}
	EndGlobalSection
EndGlobal
